{
  "name": "@adiasg/agentsmd",
  "version": "0.0.1",
  "lockfileVersion": 3,
  "requires": true,
  "packages": {
    "": {
      "name": "@adiasg/agentsmd",
      "version": "0.0.1",
      "license": "MIT",
      "bin": {
        "agentsmd": "bin/agentsmd"
      },
      "engines": {
        "node": ">=18"
      }
    }
  }
}
